// !$*UTF8*$!
{
	archiveVersion = 1;
	classes = {
	};
	objectVersion = 56;
	objects = {

/* Begin PBXBuildFile section */
		3F0E4134292132E90069E912 /* RamdomPhotoApp.swift in Sources */ = {isa = PBXBuildFile; fileRef = 3F0E4133292132E90069E912 /* RamdomPhotoApp.swift */; };
		3F0E4136292132E90069E912 /* ContentView.swift in Sources */ = {isa = PBXBuildFile; fileRef = 3F0E4135292132E90069E912 /* ContentView.swift */; };
		3F0E4138292132EB0069E912 /* Assets.xcassets in Resources */ = {isa = PBXBuildFile; fileRef = 3F0E4137292132EB0069E912 /* Assets.xcassets */; };
		3F0E413B292132EB0069E912 /* Preview Assets.xcassets in Resources */ = {isa = PBXBuildFile; fileRef = 3F0E413A292132EB0069E912 /* Preview Assets.xcassets */; };
		3F0E4145292132EC0069E912 /* RamdomPhotoTests.swift in Sources */ = {isa = PBXBuildFile; fileRef = 3F0E4144292132EC0069E912 /* RamdomPhotoTests.swift */; };
		3F0E414F292132EC0069E912 /* RamdomPhotoUITests.swift in Sources */ = {isa = PBXBuildFile; fileRef = 3F0E414E292132EC0069E912 /* RamdomPhotoUITests.swift */; };
		3F0E4151292132EC0069E912 /* RamdomPhotoUITestsLaunchTests.swift in Sources */ = {isa = PBXBuildFile; fileRef = 3F0E4150292132EC0069E912 /* RamdomPhotoUITestsLaunchTests.swift */; };
/* End PBXBuildFile section */

/* Begin PBXContainerItemProxy section */
		3F0E4141292132EC0069E912 /* PBXContainerItemProxy */ = {
			isa = PBXContainerItemProxy;
			containerPortal = 3F0E4128292132E90069E912 /* Project object */;
			proxyType = 1;
			remoteGlobalIDString = 3F0E412F292132E90069E912;
			remoteInfo = RamdomPhoto;
		};
		3F0E414B292132EC0069E912 /* PBXContainerItemProxy */ = {
			isa = PBXContainerItemProxy;
			containerPortal = 3F0E4128292132E90069E912 /* Project object */;
			proxyType = 1;
			remoteGlobalIDString = 3F0E412F292132E90069E912;
			remoteInfo = RamdomPhoto;
		};
/* End PBXContainerItemProxy section */

/* Begin PBXFileReference section */
		3F0E4130292132E90069E912 /* RamdomPhoto.app */ = {isa = PBXFileReference; explicitFileType = wrapper.application; includeInIndex = 0; path = RamdomPhoto.app; sourceTree = BUILT_PRODUCTS_DIR; };
		3F0E4133292132E90069E912 /* RamdomPhotoApp.swift */ = {isa = PBXFileReference; lastKnownFileType = sourcecode.swift; path = RamdomPhotoApp.swift; sourceTree = "<group>"; };
		3F0E4135292132E90069E912 /* ContentView.swift */ = {isa = PBXFileReference; lastKnownFileType = sourcecode.swift; path = ContentView.swift; sourceTree = "<group>"; };
		3F0E4137292132EB0069E912 /* Assets.xcassets */ = {isa = PBXFileReference; lastKnownFileType = folder.assetcatalog; path = Assets.xcassets; sourceTree = "<group>"; };
		3F0E413A292132EB0069E912 /* Preview Assets.xcassets */ = {isa = PBXFileReference; lastKnownFileType = folder.assetcatalog; path = "Preview Assets.xcassets"; sourceTree = "<group>"; };
		3F0E4140292132EC0069E912 /* RamdomPhotoTests.xctest */ = {isa = PBXFileReference; explicitFileType = wrapper.cfbundle; includeInIndex = 0; path = RamdomPhotoTests.xctest; sourceTree = BUILT_PRODUCTS_DIR; };
		3F0E4144292132EC0069E912 /* RamdomPhotoTests.swift */ = {isa = PBXFileReference; lastKnownFileType = sourcecode.swift; path = RamdomPhotoTests.swift; sourceTree = "<group>"; };
		3F0E414A292132EC0069E912 /* RamdomPhotoUITests.xctest */ = {isa = PBXFileReference; explicitFileType = wrapper.cfbundle; includeInIndex = 0; path = RamdomPhotoUITests.xctest; sourceTree = BUILT_PRODUCTS_DIR; };
		3F0E414E292132EC0069E912 /* RamdomPhotoUITests.swift */ = {isa = PBXFileReference; lastKnownFileType = sourcecode.swift; path = RamdomPhotoUITests.swift; sourceTree = "<group>"; };
		3F0E4150292132EC0069E912 /* RamdomPhotoUITestsLaunchTests.swift */ = {isa = PBXFileReference; lastKnownFileType = sourcecode.swift; path = RamdomPhotoUITestsLaunchTests.swift; sourceTree = "<group>"; };
/* End PBXFileReference section */

/* Begin PBXFrameworksBuildPhase section */
		3F0E412D292132E90069E912 /* Frameworks */ = {
			isa = PBXFrameworksBuildPhase;
			buildActionMask = 2147483647;
			files = (
			);
			runOnlyForDeploymentPostprocessing = 0;
		};
		3F0E413D292132EC0069E912 /* Frameworks */ = {
			isa = PBXFrameworksBuildPhase;
			buildActionMask = 2147483647;
			files = (
			);
			runOnlyForDeploymentPostprocessing = 0;
		};
		3F0E4147292132EC0069E912 /* Frameworks */ = {
			isa = PBXFrameworksBuildPhase;
			buildActionMask = 2147483647;
			files = (
			);
			runOnlyForDeploymentPostprocessing = 0;
		};
/* End PBXFrameworksBuildPhase section */

/* Begin PBXGroup section */
		3F0E4127292132E90069E912 = {
			isa = PBXGroup;
			children = (
				3F0E4132292132E90069E912 /* RamdomPhoto */,
				3F0E4143292132EC0069E912 /* RamdomPhotoTests */,
				3F0E414D292132EC0069E912 /* RamdomPhotoUITests */,
				3F0E4131292132E90069E912 /* Products */,
			);
			sourceTree = "<group>";
		};
		3F0E4131292132E90069E912 /* Products */ = {
			isa = PBXGroup;
			children = (
				3F0E4130292132E90069E912 /* RamdomPhoto.app */,
				3F0E4140292132EC0069E912 /* RamdomPhotoTests.xctest */,
				3F0E414A292132EC0069E912 /* RamdomPhotoUITests.xctest */,
			);
			name = Products;
			sourceTree = "<group>";
		};
		3F0E4132292132E90069E912 /* RamdomPhoto */ = {
			isa = PBXGroup;
			children = (
				3F0E4133292132E90069E912 /* RamdomPhotoApp.swift */,
				3F0E4135292132E90069E912 /* ContentView.swift */,
				3F0E4137292132EB0069E912 /* Assets.xcassets */,
				3F0E4139292132EB0069E912 /* Preview Content */,
			);
			path = RamdomPhoto;
			sourceTree = "<group>";
		};
		3F0E4139292132EB0069E912 /* Preview Content */ = {
			isa = PBXGroup;
			children = (
				3F0E413A292132EB0069E912 /* Preview Assets.xcassets */,
			);
			path = "Preview Content";
			sourceTree = "<group>";
		};
		3F0E4143292132EC0069E912 /* RamdomPhotoTests */ = {
			isa = PBXGroup;
			children = (
				3F0E4144292132EC0069E912 /* RamdomPhotoTests.swift */,
			);
			path = RamdomPhotoTests;
			sourceTree = "<group>";
		};
		3F0E414D292132EC0069E912 /* RamdomPhotoUITests */ = {
			isa = PBXGroup;
			children = (
				3F0E414E292132EC0069E912 /* RamdomPhotoUITests.swift */,
				3F0E4150292132EC0069E912 /* RamdomPhotoUITestsLaunchTests.swift */,
			);
			path = RamdomPhotoUITests;
			sourceTree = "<group>";
		};
/* End PBXGroup section */

/* Begin PBXNativeTarget section */
		3F0E412F292132E90069E912 /* RamdomPhoto */ = {
			isa = PBXNativeTarget;
			buildConfigurationList = 3F0E4154292132EC0069E912 /* Build configuration list for PBXNativeTarget "RamdomPhoto" */;
			buildPhases = (
				3F0E412C292132E90069E912 /* Sources */,
				3F0E412D292132E90069E912 /* Frameworks */,
				3F0E412E292132E90069E912 /* Resources */,
			);
			buildRules = (
			);
			dependencies = (
			);
			name = RamdomPhoto;
			productName = RamdomPhoto;
			productReference = 3F0E4130292132E90069E912 /* RamdomPhoto.app */;
			productType = "com.apple.product-type.application";
		};
		3F0E413F292132EC0069E912 /* RamdomPhotoTests */ = {
			isa = PBXNativeTarget;
			buildConfigurationList = 3F0E4157292132EC0069E912 /* Build configuration list for PBXNativeTarget "RamdomPhotoTests" */;
			buildPhases = (
				3F0E413C292132EC0069E912 /* Sources */,
				3F0E413D292132EC0069E912 /* Frameworks */,
				3F0E413E292132EC0069E912 /* Resources */,
			);
			buildRules = (
			);
			dependencies = (
				3F0E4142292132EC0069E912 /* PBXTargetDependency */,
			);
			name = RamdomPhotoTests;
			productName = RamdomPhotoTests;
			productReference = 3F0E4140292132EC0069E912 /* RamdomPhotoTests.xctest */;
			productType = "com.apple.product-type.bundle.unit-test";
		};
		3F0E4149292132EC0069E912 /* RamdomPhotoUITests */ = {
			isa = PBXNativeTarget;
			buildConfigurationList = 3F0E415A292132EC0069E912 /* Build configuration list for PBXNativeTarget "RamdomPhotoUITests" */;
			buildPhases = (
				3F0E4146292132EC0069E912 /* Sources */,
				3F0E4147292132EC0069E912 /* Frameworks */,
				3F0E4148292132EC0069E912 /* Resources */,
			);
			buildRules = (
			);
			dependencies = (
				3F0E414C292132EC0069E912 /* PBXTargetDependency */,
			);
			name = RamdomPhotoUITests;
			productName = RamdomPhotoUITests;
			productReference = 3F0E414A292132EC0069E912 /* RamdomPhotoUITests.xctest */;
			productType = "com.apple.product-type.bundle.ui-testing";
		};
/* End PBXNativeTarget section */

/* Begin PBXProject section */
		3F0E4128292132E90069E912 /* Project object */ = {
			isa = PBXProject;
			attributes = {
				BuildIndependentTargetsInParallel = 1;
				LastSwiftUpdateCheck = 1410;
				LastUpgradeCheck = 1410;
				TargetAttributes = {
					3F0E412F292132E90069E912 = {
						CreatedOnToolsVersion = 14.1;
					};
					3F0E413F292132EC0069E912 = {
						CreatedOnToolsVersion = 14.1;
						TestTargetID = 3F0E412F292132E90069E912;
					};
					3F0E4149292132EC0069E912 = {
						CreatedOnToolsVersion = 14.1;
						TestTargetID = 3F0E412F292132E90069E912;
					};
				};
			};
			buildConfigurationList = 3F0E412B292132E90069E912 /* Build configuration list for PBXProject "RamdomPhoto" */;
			compatibilityVersion = "Xcode 14.0";
			developmentRegion = en;
			hasScannedForEncodings = 0;
			knownRegions = (
				en,
				Base,
			);
			mainGroup = 3F0E4127292132E90069E912;
			productRefGroup = 3F0E4131292132E90069E912 /* Products */;
			projectDirPath = "";
			projectRoot = "";
			targets = (
				3F0E412F292132E90069E912 /* RamdomPhoto */,
				3F0E413F292132EC0069E912 /* RamdomPhotoTests */,
				3F0E4149292132EC0069E912 /* RamdomPhotoUITests */,
			);
		};
/* End PBXProject section */

/* Begin PBXResourcesBuildPhase section */
		3F0E412E292132E90069E912 /* Resources */ = {
			isa = PBXResourcesBuildPhase;
			buildActionMask = 2147483647;
			files = (
				3F0E413B292132EB0069E912 /* Preview Assets.xcassets in Resources */,
				3F0E4138292132EB0069E912 /* Assets.xcassets in Resources */,
			);
			runOnlyForDeploymentPostprocessing = 0;
		};
		3F0E413E292132EC0069E912 /* Resources */ = {
			isa = PBXResourcesBuildPhase;
			buildActionMask = 2147483647;
			files = (
			);
			runOnlyForDeploymentPostprocessing = 0;
		};
		3F0E4148292132EC0069E912 /* Resources */ = {
			isa = PBXResourcesBuildPhase;
			buildActionMask = 2147483647;
			files = (
			);
			runOnlyForDeploymentPostprocessing = 0;
		};
/* End PBXResourcesBuildPhase section */

/* Begin PBXSourcesBuildPhase section */
		3F0E412C292132E90069E912 /* Sources */ = {
			isa = PBXSourcesBuildPhase;
			buildActionMask = 2147483647;
			files = (
				3F0E4136292132E90069E912 /* ContentView.swift in Sources */,
				3F0E4134292132E90069E912 /* RamdomPhotoApp.swift in Sources */,
			);
			runOnlyForDeploymentPostprocessing = 0;
		};
		3F0E413C292132EC0069E912 /* Sources */ = {
			isa = PBXSourcesBuildPhase;
			buildActionMask = 2147483647;
			files = (
				3F0E4145292132EC0069E912 /* RamdomPhotoTests.swift in Sources */,
			);
			runOnlyForDeploymentPostprocessing = 0;
		};
		3F0E4146292132EC0069E912 /* Sources */ = {
			isa = PBXSourcesBuildPhase;
			buildActionMask = 2147483647;
			files = (
				3F0E414F292132EC0069E912 /* RamdomPhotoUITests.swift in Sources */,
				3F0E4151292132EC0069E912 /* RamdomPhotoUITestsLaunchTests.swift in Sources */,
			);
			runOnlyForDeploymentPostprocessing = 0;
		};
/* End PBXSourcesBuildPhase section */

/* Begin PBXTargetDependency section */
		3F0E4142292132EC0069E912 /* PBXTargetDependency */ = {
			isa = PBXTargetDependency;
			target = 3F0E412F292132E90069E912 /* RamdomPhoto */;
			targetProxy = 3F0E4141292132EC0069E912 /* PBXContainerItemProxy */;
		};
		3F0E414C292132EC0069E912 /* PBXTargetDependency */ = {
			isa = PBXTargetDependency;
			target = 3F0E412F292132E90069E912 /* RamdomPhoto */;
			targetProxy = 3F0E414B292132EC0069E912 /* PBXContainerItemProxy */;
		};
/* End PBXTargetDependency section */

/* Begin XCBuildConfiguration section */
		3F0E4152292132EC0069E912 /* Debug */ = {
			isa = XCBuildConfiguration;
			buildSettings = {
				ALWAYS_SEARCH_USER_PATHS = NO;
				CLANG_ANALYZER_NONNULL = YES;
				CLANG_ANALYZER_NUMBER_OBJECT_CONVERSION = YES_AGGRESSIVE;
				CLANG_CXX_LANGUAGE_STANDARD = "gnu++20";
				CLANG_ENABLE_MODULES = YES;
				CLANG_ENABLE_OBJC_ARC = YES;
				CLANG_ENABLE_OBJC_WEAK = YES;
				CLANG_WARN_BLOCK_CAPTURE_AUTORELEASING = YES;
				CLANG_WARN_BOOL_CONVERSION = YES;
				CLANG_WARN_COMMA = YES;
				CLANG_WARN_CONSTANT_CONVERSION = YES;
				CLANG_WARN_DEPRECATED_OBJC_IMPLEMENTATIONS = YES;
				CLANG_WARN_DIRECT_OBJC_ISA_USAGE = YES_ERROR;
				CLANG_WARN_DOCUMENTATION_COMMENTS = YES;
				CLANG_WARN_EMPTY_BODY = YES;
				CLANG_WARN_ENUM_CONVERSION = YES;
				CLANG_WARN_INFINITE_RECURSION = YES;
				CLANG_WARN_INT_CONVERSION = YES;
				CLANG_WARN_NON_LITERAL_NULL_CONVERSION = YES;
				CLANG_WARN_OBJC_IMPLICIT_RETAIN_SELF = YES;
				CLANG_WARN_OBJC_LITERAL_CONVERSION = YES;
				CLANG_WARN_OBJC_ROOT_CLASS = YES_ERROR;
				CLANG_WARN_QUOTED_INCLUDE_IN_FRAMEWORK_HEADER = YES;
				CLANG_WARN_RANGE_LOOP_ANALYSIS = YES;
				CLANG_WARN_STRICT_PROTOTYPES = YES;
				CLANG_WARN_SUSPICIOUS_MOVE = YES;
				CLANG_WARN_UNGUARDED_AVAILABILITY = YES_AGGRESSIVE;
				CLANG_WARN_UNREACHABLE_CODE = YES;
				CLANG_WARN__DUPLICATE_METHOD_MATCH = YES;
				COPY_PHASE_STRIP = NO;
				DEBUG_INFORMATION_FORMAT = dwarf;
				ENABLE_STRICT_OBJC_MSGSEND = YES;
				ENABLE_TESTABILITY = YES;
				GCC_C_LANGUAGE_STANDARD = gnu11;
				GCC_DYNAMIC_NO_PIC = NO;
				GCC_NO_COMMON_BLOCKS = YES;
				GCC_OPTIMIZATION_LEVEL = 0;
				GCC_PREPROCESSOR_DEFINITIONS = (
					"DEBUG=1",
					"$(inherited)",
				);
				GCC_WARN_64_TO_32_BIT_CONVERSION = YES;
				GCC_WARN_ABOUT_RETURN_TYPE = YES_ERROR;
				GCC_WARN_UNDECLARED_SELECTOR = YES;
				GCC_WARN_UNINITIALIZED_AUTOS = YES_AGGRESSIVE;
				GCC_WARN_UNUSED_FUNCTION = YES;
				GCC_WARN_UNUSED_VARIABLE = YES;
				IPHONEOS_DEPLOYMENT_TARGET = 16.1;
				MTL_ENABLE_DEBUG_INFO = INCLUDE_SOURCE;
				MTL_FAST_MATH = YES;
				ONLY_ACTIVE_ARCH = YES;
				SDKROOT = iphoneos;
				SWIFT_ACTIVE_COMPILATION_CONDITIONS = DEBUG;
				SWIFT_OPTIMIZATION_LEVEL = "-Onone";
			};
			name = Debug;
		};
		3F0E4153292132EC0069E912 /* Release */ = {
			isa = XCBuildConfiguration;
			buildSettings = {
				ALWAYS_SEARCH_USER_PATHS = NO;
				CLANG_ANALYZER_NONNULL = YES;
				CLANG_ANALYZER_NUMBER_OBJECT_CONVERSION = YES_AGGRESSIVE;
				CLANG_CXX_LANGUAGE_STANDARD = "gnu++20";
				CLANG_ENABLE_MODULES = YES;
				CLANG_ENABLE_OBJC_ARC = YES;
				CLANG_ENABLE_OBJC_WEAK = YES;
				CLANG_WARN_BLOCK_CAPTURE_AUTORELEASING = YES;
				CLANG_WARN_BOOL_CONVERSION = YES;
				CLANG_WARN_COMMA = YES;
				CLANG_WARN_CONSTANT_CONVERSION = YES;
				CLANG_WARN_DEPRECATED_OBJC_IMPLEMENTATIONS = YES;
				CLANG_WARN_DIRECT_OBJC_ISA_USAGE = YES_ERROR;
				CLANG_WARN_DOCUMENTATION_COMMENTS = YES;
				CLANG_WARN_EMPTY_BODY = YES;
				CLANG_WARN_ENUM_CONVERSION = YES;
				CLANG_WARN_INFINITE_RECURSION = YES;
				CLANG_WARN_INT_CONVERSION = YES;
				CLANG_WARN_NON_LITERAL_NULL_CONVERSION = YES;
				CLANG_WARN_OBJC_IMPLICIT_RETAIN_SELF = YES;
				CLANG_WARN_OBJC_LITERAL_CONVERSION = YES;
				CLANG_WARN_OBJC_ROOT_CLASS = YES_ERROR;
				CLANG_WARN_QUOTED_INCLUDE_IN_FRAMEWORK_HEADER = YES;
				CLANG_WARN_RANGE_LOOP_ANALYSIS = YES;
				CLANG_WARN_STRICT_PROTOTYPES = YES;
				CLANG_WARN_SUSPICIOUS_MOVE = YES;
				CLANG_WARN_UNGUARDED_AVAILABILITY = YES_AGGRESSIVE;
				CLANG_WARN_UNREACHABLE_CODE = YES;
				CLANG_WARN__DUPLICATE_METHOD_MATCH = YES;
				COPY_PHASE_STRIP = NO;
				DEBUG_INFORMATION_FORMAT = "dwarf-with-dsym";
				ENABLE_NS_ASSERTIONS = NO;
				ENABLE_STRICT_OBJC_MSGSEND = YES;
				GCC_C_LANGUAGE_STANDARD = gnu11;
				GCC_NO_COMMON_BLOCKS = YES;
				GCC_WARN_64_TO_32_BIT_CONVERSION = YES;
				GCC_WARN_ABOUT_RETURN_TYPE = YES_ERROR;
				GCC_WARN_UNDECLARED_SELECTOR = YES;
				GCC_WARN_UNINITIALIZED_AUTOS = YES_AGGRESSIVE;
				GCC_WARN_UNUSED_FUNCTION = YES;
				GCC_WARN_UNUSED_VARIABLE = YES;
				IPHONEOS_DEPLOYMENT_TARGET = 16.1;
				MTL_ENABLE_DEBUG_INFO = NO;
				MTL_FAST_MATH = YES;
				SDKROOT = iphoneos;
				SWIFT_COMPILATION_MODE = wholemodule;
				SWIFT_OPTIMIZATION_LEVEL = "-O";
				VALIDATE_PRODUCT = YES;
			};
			name = Release;
		};
		3F0E4155292132EC0069E912 /* Debug */ = {
			isa = XCBuildConfiguration;
			buildSettings = {
				ASSETCATALOG_COMPILER_APPICON_NAME = AppIcon;
				ASSETCATALOG_COMPILER_GLOBAL_ACCENT_COLOR_NAME = AccentColor;
				CODE_SIGN_STYLE = Automatic;
				CURRENT_PROJECT_VERSION = 1;
				DEVELOPMENT_ASSET_PATHS = "\"RamdomPhoto/Preview Content\"";
				DEVELOPMENT_TEAM = A4EDYF72XV;
				ENABLE_PREVIEWS = YES;
				GENERATE_INFOPLIST_FILE = YES;
				INFOPLIST_KEY_UIApplicationSceneManifest_Generation = YES;
				INFOPLIST_KEY_UIApplicationSupportsIndirectInputEvents = YES;
				INFOPLIST_KEY_UILaunchScreen_Generation = YES;
				INFOPLIST_KEY_UISupportedInterfaceOrientations_iPad = "UIInterfaceOrientationPortrait UIInterfaceOrientationPortraitUpsideDown UIInterfaceOrientationLandscapeLeft UIInterfaceOrientationLandscapeRight";
				INFOPLIST_KEY_UISupportedInterfaceOrientations_iPhone = "UIInterfaceOrientationPortrait UIInterfaceOrientationLandscapeLeft UIInterfaceOrientationLandscapeRight";
				LD_RUNPATH_SEARCH_PATHS = (
					"$(inherited)",
					"@executable_path/Frameworks",
				);
				MARKETING_VERSION = 1.0;
				PRODUCT_BUNDLE_IDENTIFIER = com.ronaldhupa.RamdomPhoto;
				PRODUCT_NAME = "$(TARGET_NAME)";
				SWIFT_EMIT_LOC_STRINGS = YES;
				SWIFT_VERSION = 5.0;
				TARGETED_DEVICE_FAMILY = "1,2";
			};
			name = Debug;
		};
		3F0E4156292132EC0069E912 /* Release */ = {
			isa = XCBuildConfiguration;
			buildSettings = {
				ASSETCATALOG_COMPILER_APPICON_NAME = AppIcon;
				ASSETCATALOG_COMPILER_GLOBAL_ACCENT_COLOR_NAME = AccentColor;
				CODE_SIGN_STYLE = Automatic;
				CURRENT_PROJECT_VERSION = 1;
				DEVELOPMENT_ASSET_PATHS = "\"RamdomPhoto/Preview Content\"";
				DEVELOPMENT_TEAM = A4EDYF72XV;
				ENABLE_PREVIEWS = YES;
				GENERATE_INFOPLIST_FILE = YES;
				INFOPLIST_KEY_UIApplicationSceneManifest_Generation = YES;
				INFOPLIST_KEY_UIApplicationSupportsIndirectInputEvents = YES;
				INFOPLIST_KEY_UILaunchScreen_Generation = YES;
				INFOPLIST_KEY_UISupportedInterfaceOrientations_iPad = "UIInterfaceOrientationPortrait UIInterfaceOrientationPortraitUpsideDown UIInterfaceOrientationLandscapeLeft UIInterfaceOrientationLandscapeRight";
				INFOPLIST_KEY_UISupportedInterfaceOrientations_iPhone = "UIInterfaceOrientationPortrait UIInterfaceOrientationLandscapeLeft UIInterfaceOrientationLandscapeRight";
				LD_RUNPATH_SEARCH_PATHS = (
					"$(inherited)",
					"@executable_path/Frameworks",
				);
				MARKETING_VERSION = 1.0;
				PRODUCT_BUNDLE_IDENTIFIER = com.ronaldhupa.RamdomPhoto;
				PRODUCT_NAME = "$(TARGET_NAME)";
				SWIFT_EMIT_LOC_STRINGS = YES;
				SWIFT_VERSION = 5.0;
				TARGETED_DEVICE_FAMILY = "1,2";
			};
			name = Release;
		};
		3F0E4158292132EC0069E912 /* Debug */ = {
			isa = XCBuildConfiguration;
			buildSettings = {
				ALWAYS_EMBED_SWIFT_STANDARD_LIBRARIES = YES;
				BUNDLE_LOADER = "$(TEST_HOST)";
				CODE_SIGN_STYLE = Automatic;
				CURRENT_PROJECT_VERSION = 1;
				DEVELOPMENT_TEAM = A4EDYF72XV;
				GENERATE_INFOPLIST_FILE = YES;
				IPHONEOS_DEPLOYMENT_TARGET = 16.1;
				MARKETING_VERSION = 1.0;
				PRODUCT_BUNDLE_IDENTIFIER = com.ronaldhupa.RamdomPhotoTests;
				PRODUCT_NAME = "$(TARGET_NAME)";
				SWIFT_EMIT_LOC_STRINGS = NO;
				SWIFT_VERSION = 5.0;
				TARGETED_DEVICE_FAMILY = "1,2";
				TEST_HOST = "$(BUILT_PRODUCTS_DIR)/RamdomPhoto.app/$(BUNDLE_EXECUTABLE_FOLDER_PATH)/RamdomPhoto";
			};
			name = Debug;
		};
		3F0E4159292132EC0069E912 /* Release */ = {
			isa = XCBuildConfiguration;
			buildSettings = {
				ALWAYS_EMBED_SWIFT_STANDARD_LIBRARIES = YES;
				BUNDLE_LOADER = "$(TEST_HOST)";
				CODE_SIGN_STYLE = Automatic;
				CURRENT_PROJECT_VERSION = 1;
				DEVELOPMENT_TEAM = A4EDYF72XV;
				GENERATE_INFOPLIST_FILE = YES;
				IPHONEOS_DEPLOYMENT_TARGET = 16.1;
				MARKETING_VERSION = 1.0;
				PRODUCT_BUNDLE_IDENTIFIER = com.ronaldhupa.RamdomPhotoTests;
				PRODUCT_NAME = "$(TARGET_NAME)";
				SWIFT_EMIT_LOC_STRINGS = NO;
				SWIFT_VERSION = 5.0;
				TARGETED_DEVICE_FAMILY = "1,2";
				TEST_HOST = "$(BUILT_PRODUCTS_DIR)/RamdomPhoto.app/$(BUNDLE_EXECUTABLE_FOLDER_PATH)/RamdomPhoto";
			};
			name = Release;
		};
		3F0E415B292132EC0069E912 /* Debug */ = {
			isa = XCBuildConfiguration;
			buildSettings = {
				ALWAYS_EMBED_SWIFT_STANDARD_LIBRARIES = YES;
				CODE_SIGN_STYLE = Automatic;
				CURRENT_PROJECT_VERSION = 1;
				DEVELOPMENT_TEAM = A4EDYF72XV;
				GENERATE_INFOPLIST_FILE = YES;
				MARKETING_VERSION = 1.0;
				PRODUCT_BUNDLE_IDENTIFIER = com.ronaldhupa.RamdomPhotoUITests;
				PRODUCT_NAME = "$(TARGET_NAME)";
				SWIFT_EMIT_LOC_STRINGS = NO;
				SWIFT_VERSION = 5.0;
				TARGETED_DEVICE_FAMILY = "1,2";
				TEST_TARGET_NAME = RamdomPhoto;
			};
			name = Debug;
		};
		3F0E415C292132EC0069E912 /* Release */ = {
			isa = XCBuildConfiguration;
			buildSettings = {
				ALWAYS_EMBED_SWIFT_STANDARD_LIBRARIES = YES;
				CODE_SIGN_STYLE = Automatic;
				CURRENT_PROJECT_VERSION = 1;
				DEVELOPMENT_TEAM = A4EDYF72XV;
				GENERATE_INFOPLIST_FILE = YES;
				MARKETING_VERSION = 1.0;
				PRODUCT_BUNDLE_IDENTIFIER = com.ronaldhupa.RamdomPhotoUITests;
				PRODUCT_NAME = "$(TARGET_NAME)";
				SWIFT_EMIT_LOC_STRINGS = NO;
				SWIFT_VERSION = 5.0;
				TARGETED_DEVICE_FAMILY = "1,2";
				TEST_TARGET_NAME = RamdomPhoto;
			};
			name = Release;
		};
/* End XCBuildConfiguration section */

/* Begin XCConfigurationList section */
		3F0E412B292132E90069E912 /* Build configuration list for PBXProject "RamdomPhoto" */ = {
			isa = XCConfigurationList;
			buildConfigurations = (
				3F0E4152292132EC0069E912 /* Debug */,
				3F0E4153292132EC0069E912 /* Release */,
			);
			defaultConfigurationIsVisible = 0;
			defaultConfigurationName = Release;
		};
		3F0E4154292132EC0069E912 /* Build configuration list for PBXNativeTarget "RamdomPhoto" */ = {
			isa = XCConfigurationList;
			buildConfigurations = (
				3F0E4155292132EC0069E912 /* Debug */,
				3F0E4156292132EC0069E912 /* Release */,
			);
			defaultConfigurationIsVisible = 0;
			defaultConfigurationName = Release;
		};
		3F0E4157292132EC0069E912 /* Build configuration list for PBXNativeTarget "RamdomPhotoTests" */ = {
			isa = XCConfigurationList;
			buildConfigurations = (
				3F0E4158292132EC0069E912 /* Debug */,
				3F0E4159292132EC0069E912 /* Release */,
			);
			defaultConfigurationIsVisible = 0;
			defaultConfigurationName = Release;
		};
		3F0E415A292132EC0069E912 /* Build configuration list for PBXNativeTarget "RamdomPhotoUITests" */ = {
			isa = XCConfigurationList;
			buildConfigurations = (
				3F0E415B292132EC0069E912 /* Debug */,
				3F0E415C292132EC0069E912 /* Release */,
			);
			defaultConfigurationIsVisible = 0;
			defaultConfigurationName = Release;
		};
/* End XCConfigurationList section */
	};
	rootObject = 3F0E4128292132E90069E912 /* Project object */;
}
